{
  "name": "insur_project",
  "lockfileVersion": 3,
  "requires": true,
  "packages": {
    "": {
      "dependencies": {
        "survey-core": "^2.5.27",
        "survey-react-ui": "^2.5.27"
      }
    },
    "node_modules/react": {
      "version": "19.2.7",
      "resolved": "https://registry.npmjs.org/react/-/react-19.2.7.tgz",
      "integrity": "sha512-HNe9WslTbXmFK8o8cmwgAeJFSBvt1bPdHCVKtaaV+WlAN36mpT4hcRpwbf3fY56ar2oIXzsBpOAiIRHAdY0OlQ==",
      "license": "MIT",
      "peer": true,
      "engines": {
        "node": ">=0.10.0"
      }
    },
    "node_modules/react-dom": {
      "version": "19.2.7",
      "resolved": "https://registry.npmjs.org/react-dom/-/react-dom-19.2.7.tgz",
      "integrity": "sha512-t0BRVXvbiE/o20Hfw669rLbMCDWtYZLvmJigy2f0MxsXF+71pxhR3xOkspmsO8h3ZlNzyibAmtCa3l4lYKk6gQ==",
      "license": "MIT",
      "peer": true,
      "dependencies": {
        "scheduler": "^0.27.0"
      },
      "peerDependencies": {
        "react": "^19.2.7"
      }
    },
    "node_modules/scheduler": {
      "version": "0.27.0",
      "resolved": "https://registry.npmjs.org/scheduler/-/scheduler-0.27.0.tgz",
      "integrity": "sha512-eNv+WrVbKu1f3vbYJT/xtiF5syA5HPIMtf9IgY/nKg0sWqzAUEvqY/xm7OcZc/qafLx/iO9FgOmeSAp4v5ti/Q==",
      "license": "MIT",
      "peer": true
    },
    "node_modules/survey-core": {
      "version": "2.5.27",
      "resolved": "https://registry.npmjs.org/survey-core/-/survey-core-2.5.27.tgz",
      "integrity": "sha512-rL7HlPlKFzDr2qrm86EQQabyx5uSffa2IVluEXT9JqSiUTlZJRsNN7hNcHJZoC5i8wWa7MRWj4B+7/D4NDProg==",
      "license": "MIT"
    },
    "node_modules/survey-react-ui": {
      "version": "2.5.27",
      "resolved": "https://registry.npmjs.org/survey-react-ui/-/survey-react-ui-2.5.27.tgz",
      "integrity": "sha512-zQEgqRmbVk2jPGQ0L5PEog7sXxBwH7uYlugfASazSqoS4s40FxXyQtfyt8F1rsUfuDSokPYQ0ixllRnFLRbLbQ==",
      "license": "MIT",
      "peerDependencies": {
        "react": "^16.5.0 || ^17.0.1 || ^18.1.0 || ^19.0.0",
        "react-dom": "^16.5.0 || ^17.0.1 || ^18.1.0 || ^19.0.0",
        "survey-core": "2.5.27"
      }
    }
  }
}
